
Microsoft Visual Studio Solution File, Format Version 12.00
# Visual Studio Version 17
VisualStudioVersion = 17.8.34309.116
MinimumVisualStudioVersion = 10.0.40219.1
Project("{8BC9CEB8-8B4A-11D0-8D11-00A0C91BC942}") = "SampleRateToggler44.1-48", "SampleRateToggler44.1-48.vcxproj", "{9B9629CB-8C55-48A3-9783-D6D78743F2A0}"
EndProject
Global
	GlobalSection(SolutionConfigurationPlatforms) = preSolution
		Debug|x64 = Debug|x64
		Debug|x86 = Debug|x86
		Release|x64 = Release|x64
		Release|x86 = Release|x86
	EndGlobalSection
	GlobalSection(ProjectConfigurationPlatforms) = postSolution
		{9B9629CB-8C55-48A3-9783-D6D78743F2A0}.Debug|x64.ActiveCfg = Debug|x64
		{9B9629CB-8C55-48A3-9783-D6D78743F2A0}.Debug|x64.Build.0 = Debug|x64
		{9B9629CB-8C55-48A3-9783-D6D78743F2A0}.Debug|x86.ActiveCfg = Debug|Win32
		{9B9629CB-8C55-48A3-9783-D6D78743F2A0}.Debug|x86.Build.0 = Debug|Win32
		{9B9629CB-8C55-48A3-9783-D6D78743F2A0}.Release|x64.ActiveCfg = Release|x64
		{9B9629CB-8C55-48A3-9783-D6D78743F2A0}.Release|x64.Build.0 = Release|x64
		{9B9629CB-8C55-48A3-9783-D6D78743F2A0}.Release|x86.ActiveCfg = Release|Win32
		{9B9629CB-8C55-48A3-9783-D6D78743F2A0}.Release|x86.Build.0 = Release|Win32
	EndGlobalSection
	GlobalSection(SolutionProperties) = preSolution
		HideSolutionNode = FALSE
	EndGlobalSection
	GlobalSection(ExtensibilityGlobals) = postSolution
		SolutionGuid = {F068B7A6-0E3E-4F70-971E-31CAAE51082D}
	EndGlobalSection
EndGlobal
